# This file is autogenerated, do not edit; changes may be undone by the next 'dep ensure'.


[[projects]]
  digest = "1:34b82c04a4d344f3dcabeb8d9f33859a4348e41ce25d749c31ab5a17f431a129"
  name = "github.com/oschwald/maxminddb-golang"
  packages = ["."]
  pruneopts = "UT"
  revision = "6a033e62c03b7dab4c37f7c9eb2ebb3b10e8f13a"
  version = "v1.6.0"

[[projects]]
  branch = "master"
  digest = "1:4d150491235d37b4d56ef26d2e1387a872cc837445eb2cc4735e3e9786c5eb06"
  name = "golang.org/x/sys"
  packages = [
    "internal/unsafeheader",
    "unix",
    "windows",
  ]
  pruneopts = "UT"
  revision = "226ff32320da7b90d0b5bc2365f4e359c466fb78"

[solve-meta]
  analyzer-name = "dep"
  analyzer-version = 1
  input-imports = ["github.com/oschwald/maxminddb-golang"]
  solver-name = "gps-cdcl"
  solver-version = 1
